
Microsoft Visual Studio Solution File, Format Version 12.00
# Visual Studio Version 17
VisualStudioVersion = 17.6.33829.357
MinimumVisualStudioVersion = 10.0.40219.1
Project("{FAE04EC0-301F-11D3-BF4B-00C04F79EFBC}") = "StudentGradeApplication", "StudentGradeApplication\StudentGradeApplication.csproj", "{EF57B3BB-42A1-4E96-B204-1D09E34BA582}"
EndProject
Global
	GlobalSection(SolutionConfigurationPlatforms) = preSolution
		Debug|Any CPU = Debug|Any CPU
		Release|Any CPU = Release|Any CPU
	EndGlobalSection
	GlobalSection(ProjectConfigurationPlatforms) = postSolution
		{EF57B3BB-42A1-4E96-B204-1D09E34BA582}.Debug|Any CPU.ActiveCfg = Debug|Any CPU
		{EF57B3BB-42A1-4E96-B204-1D09E34BA582}.Debug|Any CPU.Build.0 = Debug|Any CPU
		{EF57B3BB-42A1-4E96-B204-1D09E34BA582}.Release|Any CPU.ActiveCfg = Release|Any CPU
		{EF57B3BB-42A1-4E96-B204-1D09E34BA582}.Release|Any CPU.Build.0 = Release|Any CPU
	EndGlobalSection
	GlobalSection(SolutionProperties) = preSolution
		HideSolutionNode = FALSE
	EndGlobalSection
	GlobalSection(ExtensibilityGlobals) = postSolution
		SolutionGuid = {FAF244CE-F017-42F0-900C-5E96F7FC2520}
	EndGlobalSection
EndGlobal
